// !$*UTF8*$!
{
	archiveVersion = 1;
	classes = {
	};
	objectVersion = 55;
	objects = {

/* Begin PBXBuildFile section */
		18C290B528A3FF99009D9C23 /* AppDelegate.swift in Sources */ = {isa = PBXBuildFile; fileRef = 18C290B428A3FF99009D9C23 /* AppDelegate.swift */; };
		18C290B728A3FF99009D9C23 /* SceneDelegate.swift in Sources */ = {isa = PBXBuildFile; fileRef = 18C290B628A3FF99009D9C23 /* SceneDelegate.swift */; };
		18C290BC28A3FF99009D9C23 /* Main.storyboard in Resources */ = {isa = PBXBuildFile; fileRef = 18C290BA28A3FF99009D9C23 /* Main.storyboard */; };
		18C290BF28A3FF99009D9C23 /* Foodie.xcdatamodeld in Sources */ = {isa = PBXBuildFile; fileRef = 18C290BD28A3FF99009D9C23 /* Foodie.xcdatamodeld */; };
		18C290C128A3FF9C009D9C23 /* Assets.xcassets in Resources */ = {isa = PBXBuildFile; fileRef = 18C290C028A3FF9C009D9C23 /* Assets.xcassets */; };
		18C290C428A3FF9C009D9C23 /* LaunchScreen.storyboard in Resources */ = {isa = PBXBuildFile; fileRef = 18C290C228A3FF9C009D9C23 /* LaunchScreen.storyboard */; };
		18C290CD28A40E43009D9C23 /* RestaurantTableViewCell.swift in Sources */ = {isa = PBXBuildFile; fileRef = 18C290CC28A40E43009D9C23 /* RestaurantTableViewCell.swift */; };
		18C290D028A40EDF009D9C23 /* RestaurantViewController.swift in Sources */ = {isa = PBXBuildFile; fileRef = 18C290CF28A40EDF009D9C23 /* RestaurantViewController.swift */; };
		18C290D228A40F07009D9C23 /* MainViewController.swift in Sources */ = {isa = PBXBuildFile; fileRef = 18C290D128A40F07009D9C23 /* MainViewController.swift */; };
		18C290D528A41B9C009D9C23 /* CoreDataStack.swift in Sources */ = {isa = PBXBuildFile; fileRef = 18C290D428A41B9C009D9C23 /* CoreDataStack.swift */; };
		18C290D828A41C8F009D9C23 /* FoodieService.swift in Sources */ = {isa = PBXBuildFile; fileRef = 18C290D728A41C8F009D9C23 /* FoodieService.swift */; };
		18C290DA28A41D65009D9C23 /* LocationService.swift in Sources */ = {isa = PBXBuildFile; fileRef = 18C290D928A41D65009D9C23 /* LocationService.swift */; };
		18C290DC28A41FFF009D9C23 /* Place.swift in Sources */ = {isa = PBXBuildFile; fileRef = 18C290DB28A41FFF009D9C23 /* Place.swift */; };
		18C290DE28A42292009D9C23 /* RESTService.swift in Sources */ = {isa = PBXBuildFile; fileRef = 18C290DD28A42292009D9C23 /* RESTService.swift */; };
		18C290E328A423D4009D9C23 /* Restaurant+CoreDataClass.swift in Sources */ = {isa = PBXBuildFile; fileRef = 18C290DF28A423D4009D9C23 /* Restaurant+CoreDataClass.swift */; };
		18C290E428A423D4009D9C23 /* Restaurant+CoreDataProperties.swift in Sources */ = {isa = PBXBuildFile; fileRef = 18C290E028A423D4009D9C23 /* Restaurant+CoreDataProperties.swift */; };
		18C290E528A423D4009D9C23 /* StoredLocation+CoreDataClass.swift in Sources */ = {isa = PBXBuildFile; fileRef = 18C290E128A423D4009D9C23 /* StoredLocation+CoreDataClass.swift */; };
		18C290E628A423D4009D9C23 /* StoredLocation+CoreDataProperties.swift in Sources */ = {isa = PBXBuildFile; fileRef = 18C290E228A423D4009D9C23 /* StoredLocation+CoreDataProperties.swift */; };
/* End PBXBuildFile section */

/* Begin PBXFileReference section */
		18C290B128A3FF99009D9C23 /* Foodie.app */ = {isa = PBXFileReference; explicitFileType = wrapper.application; includeInIndex = 0; path = Foodie.app; sourceTree = BUILT_PRODUCTS_DIR; };
		18C290B428A3FF99009D9C23 /* AppDelegate.swift */ = {isa = PBXFileReference; lastKnownFileType = sourcecode.swift; path = AppDelegate.swift; sourceTree = "<group>"; };
		18C290B628A3FF99009D9C23 /* SceneDelegate.swift */ = {isa = PBXFileReference; lastKnownFileType = sourcecode.swift; path = SceneDelegate.swift; sourceTree = "<group>"; };
		18C290BB28A3FF99009D9C23 /* Base */ = {isa = PBXFileReference; lastKnownFileType = file.storyboard; name = Base; path = Base.lproj/Main.storyboard; sourceTree = "<group>"; };
		18C290BE28A3FF99009D9C23 /* Foodie.xcdatamodel */ = {isa = PBXFileReference; lastKnownFileType = wrapper.xcdatamodel; path = Foodie.xcdatamodel; sourceTree = "<group>"; };
		18C290C028A3FF9C009D9C23 /* Assets.xcassets */ = {isa = PBXFileReference; lastKnownFileType = folder.assetcatalog; path = Assets.xcassets; sourceTree = "<group>"; };
		18C290C328A3FF9C009D9C23 /* Base */ = {isa = PBXFileReference; lastKnownFileType = file.storyboard; name = Base; path = Base.lproj/LaunchScreen.storyboard; sourceTree = "<group>"; };
		18C290C528A3FF9C009D9C23 /* Info.plist */ = {isa = PBXFileReference; lastKnownFileType = text.plist.xml; path = Info.plist; sourceTree = "<group>"; };
		18C290CC28A40E43009D9C23 /* RestaurantTableViewCell.swift */ = {isa = PBXFileReference; lastKnownFileType = sourcecode.swift; path = RestaurantTableViewCell.swift; sourceTree = "<group>"; };
		18C290CF28A40EDF009D9C23 /* RestaurantViewController.swift */ = {isa = PBXFileReference; lastKnownFileType = sourcecode.swift; path = RestaurantViewController.swift; sourceTree = "<group>"; };
		18C290D128A40F07009D9C23 /* MainViewController.swift */ = {isa = PBXFileReference; lastKnownFileType = sourcecode.swift; path = MainViewController.swift; sourceTree = "<group>"; };
		18C290D428A41B9C009D9C23 /* CoreDataStack.swift */ = {isa = PBXFileReference; lastKnownFileType = sourcecode.swift; path = CoreDataStack.swift; sourceTree = "<group>"; };
		18C290D728A41C8F009D9C23 /* FoodieService.swift */ = {isa = PBXFileReference; lastKnownFileType = sourcecode.swift; path = FoodieService.swift; sourceTree = "<group>"; };
		18C290D928A41D65009D9C23 /* LocationService.swift */ = {isa = PBXFileReference; lastKnownFileType = sourcecode.swift; path = LocationService.swift; sourceTree = "<group>"; };
		18C290DB28A41FFF009D9C23 /* Place.swift */ = {isa = PBXFileReference; lastKnownFileType = sourcecode.swift; path = Place.swift; sourceTree = "<group>"; };
		18C290DD28A42292009D9C23 /* RESTService.swift */ = {isa = PBXFileReference; lastKnownFileType = sourcecode.swift; path = RESTService.swift; sourceTree = "<group>"; };
		18C290DF28A423D4009D9C23 /* Restaurant+CoreDataClass.swift */ = {isa = PBXFileReference; lastKnownFileType = sourcecode.swift; path = "Restaurant+CoreDataClass.swift"; sourceTree = "<group>"; };
		18C290E028A423D4009D9C23 /* Restaurant+CoreDataProperties.swift */ = {isa = PBXFileReference; lastKnownFileType = sourcecode.swift; path = "Restaurant+CoreDataProperties.swift"; sourceTree = "<group>"; };
		18C290E128A423D4009D9C23 /* StoredLocation+CoreDataClass.swift */ = {isa = PBXFileReference; lastKnownFileType = sourcecode.swift; path = "StoredLocation+CoreDataClass.swift"; sourceTree = "<group>"; };
		18C290E228A423D4009D9C23 /* StoredLocation+CoreDataProperties.swift */ = {isa = PBXFileReference; lastKnownFileType = sourcecode.swift; path = "StoredLocation+CoreDataProperties.swift"; sourceTree = "<group>"; };
/* End PBXFileReference section */

/* Begin PBXFrameworksBuildPhase section */
		18C290AE28A3FF99009D9C23 /* Frameworks */ = {
			isa = PBXFrameworksBuildPhase;
			buildActionMask = 2147483647;
			files = (
			);
			runOnlyForDeploymentPostprocessing = 0;
		};
/* End PBXFrameworksBuildPhase section */

/* Begin PBXGroup section */
		18C290A828A3FF99009D9C23 = {
			isa = PBXGroup;
			children = (
				18C290B328A3FF99009D9C23 /* Foodie */,
				18C290B228A3FF99009D9C23 /* Products */,
			);
			sourceTree = "<group>";
		};
		18C290B228A3FF99009D9C23 /* Products */ = {
			isa = PBXGroup;
			children = (
				18C290B128A3FF99009D9C23 /* Foodie.app */,
			);
			name = Products;
			sourceTree = "<group>";
		};
		18C290B328A3FF99009D9C23 /* Foodie */ = {
			isa = PBXGroup;
			children = (
				18C290B428A3FF99009D9C23 /* AppDelegate.swift */,
				18C290B628A3FF99009D9C23 /* SceneDelegate.swift */,
				18C290D628A41C81009D9C23 /* Service */,
				18C290D328A40F2D009D9C23 /* Model */,
				18C290CE28A40ECB009D9C23 /* Controller */,
				18C290CB28A40E33009D9C23 /* View */,
				18C290BA28A3FF99009D9C23 /* Main.storyboard */,
				18C290C028A3FF9C009D9C23 /* Assets.xcassets */,
				18C290C228A3FF9C009D9C23 /* LaunchScreen.storyboard */,
				18C290C528A3FF9C009D9C23 /* Info.plist */,
			);
			path = Foodie;
			sourceTree = "<group>";
		};
		18C290CB28A40E33009D9C23 /* View */ = {
			isa = PBXGroup;
			children = (
				18C290CC28A40E43009D9C23 /* RestaurantTableViewCell.swift */,
			);
			path = View;
			sourceTree = "<group>";
		};
		18C290CE28A40ECB009D9C23 /* Controller */ = {
			isa = PBXGroup;
			children = (
				18C290CF28A40EDF009D9C23 /* RestaurantViewController.swift */,
				18C290D128A40F07009D9C23 /* MainViewController.swift */,
			);
			path = Controller;
			sourceTree = "<group>";
		};
		18C290D328A40F2D009D9C23 /* Model */ = {
			isa = PBXGroup;
			children = (
				18C290BD28A3FF99009D9C23 /* Foodie.xcdatamodeld */,
				18C290D428A41B9C009D9C23 /* CoreDataStack.swift */,
				18C290DB28A41FFF009D9C23 /* Place.swift */,
				18C290DF28A423D4009D9C23 /* Restaurant+CoreDataClass.swift */,
				18C290E028A423D4009D9C23 /* Restaurant+CoreDataProperties.swift */,
				18C290E128A423D4009D9C23 /* StoredLocation+CoreDataClass.swift */,
				18C290E228A423D4009D9C23 /* StoredLocation+CoreDataProperties.swift */,
			);
			path = Model;
			sourceTree = "<group>";
		};
		18C290D628A41C81009D9C23 /* Service */ = {
			isa = PBXGroup;
			children = (
				18C290DD28A42292009D9C23 /* RESTService.swift */,
				18C290D728A41C8F009D9C23 /* FoodieService.swift */,
				18C290D928A41D65009D9C23 /* LocationService.swift */,
			);
			path = Service;
			sourceTree = "<group>";
		};
/* End PBXGroup section */

/* Begin PBXNativeTarget section */
		18C290B028A3FF99009D9C23 /* Foodie */ = {
			isa = PBXNativeTarget;
			buildConfigurationList = 18C290C828A3FF9C009D9C23 /* Build configuration list for PBXNativeTarget "Foodie" */;
			buildPhases = (
				18C290AD28A3FF99009D9C23 /* Sources */,
				18C290AE28A3FF99009D9C23 /* Frameworks */,
				18C290AF28A3FF99009D9C23 /* Resources */,
			);
			buildRules = (
			);
			dependencies = (
			);
			name = Foodie;
			productName = Foodie;
			productReference = 18C290B128A3FF99009D9C23 /* Foodie.app */;
			productType = "com.apple.product-type.application";
		};
/* End PBXNativeTarget section */

/* Begin PBXProject section */
		18C290A928A3FF99009D9C23 /* Project object */ = {
			isa = PBXProject;
			attributes = {
				BuildIndependentTargetsInParallel = 1;
				LastSwiftUpdateCheck = 1340;
				LastUpgradeCheck = 1340;
				TargetAttributes = {
					18C290B028A3FF99009D9C23 = {
						CreatedOnToolsVersion = 13.4;
					};
				};
			};
			buildConfigurationList = 18C290AC28A3FF99009D9C23 /* Build configuration list for PBXProject "Foodie" */;
			compatibilityVersion = "Xcode 13.0";
			developmentRegion = en;
			hasScannedForEncodings = 0;
			knownRegions = (
				en,
				Base,
			);
			mainGroup = 18C290A828A3FF99009D9C23;
			productRefGroup = 18C290B228A3FF99009D9C23 /* Products */;
			projectDirPath = "";
			projectRoot = "";
			targets = (
				18C290B028A3FF99009D9C23 /* Foodie */,
			);
		};
/* End PBXProject section */

/* Begin PBXResourcesBuildPhase section */
		18C290AF28A3FF99009D9C23 /* Resources */ = {
			isa = PBXResourcesBuildPhase;
			buildActionMask = 2147483647;
			files = (
				18C290C428A3FF9C009D9C23 /* LaunchScreen.storyboard in Resources */,
				18C290C128A3FF9C009D9C23 /* Assets.xcassets in Resources */,
				18C290BC28A3FF99009D9C23 /* Main.storyboard in Resources */,
			);
			runOnlyForDeploymentPostprocessing = 0;
		};
/* End PBXResourcesBuildPhase section */

/* Begin PBXSourcesBuildPhase section */
		18C290AD28A3FF99009D9C23 /* Sources */ = {
			isa = PBXSourcesBuildPhase;
			buildActionMask = 2147483647;
			files = (
				18C290D528A41B9C009D9C23 /* CoreDataStack.swift in Sources */,
				18C290CD28A40E43009D9C23 /* RestaurantTableViewCell.swift in Sources */,
				18C290E328A423D4009D9C23 /* Restaurant+CoreDataClass.swift in Sources */,
				18C290D028A40EDF009D9C23 /* RestaurantViewController.swift in Sources */,
				18C290BF28A3FF99009D9C23 /* Foodie.xcdatamodeld in Sources */,
				18C290E528A423D4009D9C23 /* StoredLocation+CoreDataClass.swift in Sources */,
				18C290D228A40F07009D9C23 /* MainViewController.swift in Sources */,
				18C290E628A423D4009D9C23 /* StoredLocation+CoreDataProperties.swift in Sources */,
				18C290D828A41C8F009D9C23 /* FoodieService.swift in Sources */,
				18C290B528A3FF99009D9C23 /* AppDelegate.swift in Sources */,
				18C290DA28A41D65009D9C23 /* LocationService.swift in Sources */,
				18C290E428A423D4009D9C23 /* Restaurant+CoreDataProperties.swift in Sources */,
				18C290DE28A42292009D9C23 /* RESTService.swift in Sources */,
				18C290B728A3FF99009D9C23 /* SceneDelegate.swift in Sources */,
				18C290DC28A41FFF009D9C23 /* Place.swift in Sources */,
			);
			runOnlyForDeploymentPostprocessing = 0;
		};
/* End PBXSourcesBuildPhase section */

/* Begin PBXVariantGroup section */
		18C290BA28A3FF99009D9C23 /* Main.storyboard */ = {
			isa = PBXVariantGroup;
			children = (
				18C290BB28A3FF99009D9C23 /* Base */,
			);
			name = Main.storyboard;
			sourceTree = "<group>";
		};
		18C290C228A3FF9C009D9C23 /* LaunchScreen.storyboard */ = {
			isa = PBXVariantGroup;
			children = (
				18C290C328A3FF9C009D9C23 /* Base */,
			);
			name = LaunchScreen.storyboard;
			sourceTree = "<group>";
		};
/* End PBXVariantGroup section */

/* Begin XCBuildConfiguration section */
		18C290C628A3FF9C009D9C23 /* Debug */ = {
			isa = XCBuildConfiguration;
			buildSettings = {
				ALWAYS_SEARCH_USER_PATHS = NO;
				CLANG_ANALYZER_NONNULL = YES;
				CLANG_ANALYZER_NUMBER_OBJECT_CONVERSION = YES_AGGRESSIVE;
				CLANG_CXX_LANGUAGE_STANDARD = "gnu++17";
				CLANG_ENABLE_MODULES = YES;
				CLANG_ENABLE_OBJC_ARC = YES;
				CLANG_ENABLE_OBJC_WEAK = YES;
				CLANG_WARN_BLOCK_CAPTURE_AUTORELEASING = YES;
				CLANG_WARN_BOOL_CONVERSION = YES;
				CLANG_WARN_COMMA = YES;
				CLANG_WARN_CONSTANT_CONVERSION = YES;
				CLANG_WARN_DEPRECATED_OBJC_IMPLEMENTATIONS = YES;
				CLANG_WARN_DIRECT_OBJC_ISA_USAGE = YES_ERROR;
				CLANG_WARN_DOCUMENTATION_COMMENTS = YES;
				CLANG_WARN_EMPTY_BODY = YES;
				CLANG_WARN_ENUM_CONVERSION = YES;
				CLANG_WARN_INFINITE_RECURSION = YES;
				CLANG_WARN_INT_CONVERSION = YES;
				CLANG_WARN_NON_LITERAL_NULL_CONVERSION = YES;
				CLANG_WARN_OBJC_IMPLICIT_RETAIN_SELF = YES;
				CLANG_WARN_OBJC_LITERAL_CONVERSION = YES;
				CLANG_WARN_OBJC_ROOT_CLASS = YES_ERROR;
				CLANG_WARN_QUOTED_INCLUDE_IN_FRAMEWORK_HEADER = YES;
				CLANG_WARN_RANGE_LOOP_ANALYSIS = YES;
				CLANG_WARN_STRICT_PROTOTYPES = YES;
				CLANG_WARN_SUSPICIOUS_MOVE = YES;
				CLANG_WARN_UNGUARDED_AVAILABILITY = YES_AGGRESSIVE;
				CLANG_WARN_UNREACHABLE_CODE = YES;
				CLANG_WARN__DUPLICATE_METHOD_MATCH = YES;
				COPY_PHASE_STRIP = NO;
				DEBUG_INFORMATION_FORMAT = dwarf;
				ENABLE_STRICT_OBJC_MSGSEND = YES;
				ENABLE_TESTABILITY = YES;
				GCC_C_LANGUAGE_STANDARD = gnu11;
				GCC_DYNAMIC_NO_PIC = NO;
				GCC_NO_COMMON_BLOCKS = YES;
				GCC_OPTIMIZATION_LEVEL = 0;
				GCC_PREPROCESSOR_DEFINITIONS = (
					"DEBUG=1",
					"$(inherited)",
				);
				GCC_WARN_64_TO_32_BIT_CONVERSION = YES;
				GCC_WARN_ABOUT_RETURN_TYPE = YES_ERROR;
				GCC_WARN_UNDECLARED_SELECTOR = YES;
				GCC_WARN_UNINITIALIZED_AUTOS = YES_AGGRESSIVE;
				GCC_WARN_UNUSED_FUNCTION = YES;
				GCC_WARN_UNUSED_VARIABLE = YES;
				IPHONEOS_DEPLOYMENT_TARGET = 15.5;
				MTL_ENABLE_DEBUG_INFO = INCLUDE_SOURCE;
				MTL_FAST_MATH = YES;
				ONLY_ACTIVE_ARCH = YES;
				SDKROOT = iphoneos;
				SWIFT_ACTIVE_COMPILATION_CONDITIONS = DEBUG;
				SWIFT_OPTIMIZATION_LEVEL = "-Onone";
			};
			name = Debug;
		};
		18C290C728A3FF9C009D9C23 /* Release */ = {
			isa = XCBuildConfiguration;
			buildSettings = {
				ALWAYS_SEARCH_USER_PATHS = NO;
				CLANG_ANALYZER_NONNULL = YES;
				CLANG_ANALYZER_NUMBER_OBJECT_CONVERSION = YES_AGGRESSIVE;
				CLANG_CXX_LANGUAGE_STANDARD = "gnu++17";
				CLANG_ENABLE_MODULES = YES;
				CLANG_ENABLE_OBJC_ARC = YES;
				CLANG_ENABLE_OBJC_WEAK = YES;
				CLANG_WARN_BLOCK_CAPTURE_AUTORELEASING = YES;
				CLANG_WARN_BOOL_CONVERSION = YES;
				CLANG_WARN_COMMA = YES;
				CLANG_WARN_CONSTANT_CONVERSION = YES;
				CLANG_WARN_DEPRECATED_OBJC_IMPLEMENTATIONS = YES;
				CLANG_WARN_DIRECT_OBJC_ISA_USAGE = YES_ERROR;
				CLANG_WARN_DOCUMENTATION_COMMENTS = YES;
				CLANG_WARN_EMPTY_BODY = YES;
				CLANG_WARN_ENUM_CONVERSION = YES;
				CLANG_WARN_INFINITE_RECURSION = YES;
				CLANG_WARN_INT_CONVERSION = YES;
				CLANG_WARN_NON_LITERAL_NULL_CONVERSION = YES;
				CLANG_WARN_OBJC_IMPLICIT_RETAIN_SELF = YES;
				CLANG_WARN_OBJC_LITERAL_CONVERSION = YES;
				CLANG_WARN_OBJC_ROOT_CLASS = YES_ERROR;
				CLANG_WARN_QUOTED_INCLUDE_IN_FRAMEWORK_HEADER = YES;
				CLANG_WARN_RANGE_LOOP_ANALYSIS = YES;
				CLANG_WARN_STRICT_PROTOTYPES = YES;
				CLANG_WARN_SUSPICIOUS_MOVE = YES;
				CLANG_WARN_UNGUARDED_AVAILABILITY = YES_AGGRESSIVE;
				CLANG_WARN_UNREACHABLE_CODE = YES;
				CLANG_WARN__DUPLICATE_METHOD_MATCH = YES;
				COPY_PHASE_STRIP = NO;
				DEBUG_INFORMATION_FORMAT = "dwarf-with-dsym";
				ENABLE_NS_ASSERTIONS = NO;
				ENABLE_STRICT_OBJC_MSGSEND = YES;
				GCC_C_LANGUAGE_STANDARD = gnu11;
				GCC_NO_COMMON_BLOCKS = YES;
				GCC_WARN_64_TO_32_BIT_CONVERSION = YES;
				GCC_WARN_ABOUT_RETURN_TYPE = YES_ERROR;
				GCC_WARN_UNDECLARED_SELECTOR = YES;
				GCC_WARN_UNINITIALIZED_AUTOS = YES_AGGRESSIVE;
				GCC_WARN_UNUSED_FUNCTION = YES;
				GCC_WARN_UNUSED_VARIABLE = YES;
				IPHONEOS_DEPLOYMENT_TARGET = 15.5;
				MTL_ENABLE_DEBUG_INFO = NO;
				MTL_FAST_MATH = YES;
				SDKROOT = iphoneos;
				SWIFT_COMPILATION_MODE = wholemodule;
				SWIFT_OPTIMIZATION_LEVEL = "-O";
				VALIDATE_PRODUCT = YES;
			};
			name = Release;
		};
		18C290C928A3FF9C009D9C23 /* Debug */ = {
			isa = XCBuildConfiguration;
			buildSettings = {
				ASSETCATALOG_COMPILER_APPICON_NAME = AppIcon;
				ASSETCATALOG_COMPILER_GLOBAL_ACCENT_COLOR_NAME = AccentColor;
				CODE_SIGN_STYLE = Automatic;
				CURRENT_PROJECT_VERSION = 1;
				GENERATE_INFOPLIST_FILE = YES;
				INFOPLIST_FILE = Foodie/Info.plist;
				INFOPLIST_KEY_UIApplicationSupportsIndirectInputEvents = YES;
				INFOPLIST_KEY_UILaunchStoryboardName = LaunchScreen;
				INFOPLIST_KEY_UIMainStoryboardFile = Main;
				INFOPLIST_KEY_UISupportedInterfaceOrientations = UIInterfaceOrientationPortrait;
				INFOPLIST_KEY_UISupportedInterfaceOrientations_iPad = "UIInterfaceOrientationPortrait UIInterfaceOrientationPortraitUpsideDown UIInterfaceOrientationLandscapeLeft UIInterfaceOrientationLandscapeRight";
				INFOPLIST_KEY_UISupportedInterfaceOrientations_iPhone = "UIInterfaceOrientationPortrait UIInterfaceOrientationLandscapeLeft UIInterfaceOrientationLandscapeRight";
				LD_RUNPATH_SEARCH_PATHS = (
					"$(inherited)",
					"@executable_path/Frameworks",
				);
				MARKETING_VERSION = 1.0;
				PRODUCT_BUNDLE_IDENTIFIER = Project.Foodie;
				PRODUCT_NAME = "$(TARGET_NAME)";
				SWIFT_EMIT_LOC_STRINGS = YES;
				SWIFT_VERSION = 5.0;
				TARGETED_DEVICE_FAMILY = 1;
			};
			name = Debug;
		};
		18C290CA28A3FF9C009D9C23 /* Release */ = {
			isa = XCBuildConfiguration;
			buildSettings = {
				ASSETCATALOG_COMPILER_APPICON_NAME = AppIcon;
				ASSETCATALOG_COMPILER_GLOBAL_ACCENT_COLOR_NAME = AccentColor;
				CODE_SIGN_STYLE = Automatic;
				CURRENT_PROJECT_VERSION = 1;
				GENERATE_INFOPLIST_FILE = YES;
				INFOPLIST_FILE = Foodie/Info.plist;
				INFOPLIST_KEY_UIApplicationSupportsIndirectInputEvents = YES;
				INFOPLIST_KEY_UILaunchStoryboardName = LaunchScreen;
				INFOPLIST_KEY_UIMainStoryboardFile = Main;
				INFOPLIST_KEY_UISupportedInterfaceOrientations = UIInterfaceOrientationPortrait;
				INFOPLIST_KEY_UISupportedInterfaceOrientations_iPad = "UIInterfaceOrientationPortrait UIInterfaceOrientationPortraitUpsideDown UIInterfaceOrientationLandscapeLeft UIInterfaceOrientationLandscapeRight";
				INFOPLIST_KEY_UISupportedInterfaceOrientations_iPhone = "UIInterfaceOrientationPortrait UIInterfaceOrientationLandscapeLeft UIInterfaceOrientationLandscapeRight";
				LD_RUNPATH_SEARCH_PATHS = (
					"$(inherited)",
					"@executable_path/Frameworks",
				);
				MARKETING_VERSION = 1.0;
				PRODUCT_BUNDLE_IDENTIFIER = Project.Foodie;
				PRODUCT_NAME = "$(TARGET_NAME)";
				SWIFT_EMIT_LOC_STRINGS = YES;
				SWIFT_VERSION = 5.0;
				TARGETED_DEVICE_FAMILY = 1;
			};
			name = Release;
		};
/* End XCBuildConfiguration section */

/* Begin XCConfigurationList section */
		18C290AC28A3FF99009D9C23 /* Build configuration list for PBXProject "Foodie" */ = {
			isa = XCConfigurationList;
			buildConfigurations = (
				18C290C628A3FF9C009D9C23 /* Debug */,
				18C290C728A3FF9C009D9C23 /* Release */,
			);
			defaultConfigurationIsVisible = 0;
			defaultConfigurationName = Release;
		};
		18C290C828A3FF9C009D9C23 /* Build configuration list for PBXNativeTarget "Foodie" */ = {
			isa = XCConfigurationList;
			buildConfigurations = (
				18C290C928A3FF9C009D9C23 /* Debug */,
				18C290CA28A3FF9C009D9C23 /* Release */,
			);
			defaultConfigurationIsVisible = 0;
			defaultConfigurationName = Release;
		};
/* End XCConfigurationList section */

/* Begin XCVersionGroup section */
		18C290BD28A3FF99009D9C23 /* Foodie.xcdatamodeld */ = {
			isa = XCVersionGroup;
			children = (
				18C290BE28A3FF99009D9C23 /* Foodie.xcdatamodel */,
			);
			currentVersion = 18C290BE28A3FF99009D9C23 /* Foodie.xcdatamodel */;
			path = Foodie.xcdatamodeld;
			sourceTree = "<group>";
			versionGroupType = wrapper.xcdatamodel;
		};
/* End XCVersionGroup section */
	};
	rootObject = 18C290A928A3FF99009D9C23 /* Project object */;
}
